{
  "name": "dart.dev",
  "version": "0.0.0",
  "lockfileVersion": 2,
  "requires": true,
  "packages": {
    "": {
      "name": "dart.dev",
      "version": "0.0.0",
      "dependencies": {
        "bootstrap-scss": "^5.2.2"
      }
    },
    "node_modules/bootstrap-scss": {
      "version": "5.2.2",
      "resolved": "https://registry.npmjs.org/bootstrap-scss/-/bootstrap-scss-5.2.2.tgz",
      "integrity": "sha512-m2ZTPAK1OKLWKrD5YVkewmpHPuvktrRsD3yj2sOuG5P+DyOhpvyzMWiNcirCbvqFNhHcFj9N1zNxbJcAccwlNA=="
    }
  },
  "dependencies": {
    "bootstrap-scss": {
      "version": "5.2.2",
      "resolved": "https://registry.npmjs.org/bootstrap-scss/-/bootstrap-scss-5.2.2.tgz",
      "integrity": "sha512-m2ZTPAK1OKLWKrD5YVkewmpHPuvktrRsD3yj2sOuG5P+DyOhpvyzMWiNcirCbvqFNhHcFj9N1zNxbJcAccwlNA=="
    }
  }
}
